
Microsoft Visual Studio Solution File, Format Version 12.00
# Visual Studio Version 17
VisualStudioVersion = 17.9.34622.214
MinimumVisualStudioVersion = 10.0.40219.1
Project("{FAE04EC0-301F-11D3-BF4B-00C04F79EFBC}") = "CodePulse.API", "CodePulse.API\CodePulse.API.csproj", "{128681C4-8EE1-4174-BD10-8ACFE08ADBF9}"
EndProject
Global
	GlobalSection(SolutionConfigurationPlatforms) = preSolution
		Debug|Any CPU = Debug|Any CPU
		Release|Any CPU = Release|Any CPU
	EndGlobalSection
	GlobalSection(ProjectConfigurationPlatforms) = postSolution
		{128681C4-8EE1-4174-BD10-8ACFE08ADBF9}.Debug|Any CPU.ActiveCfg = Debug|Any CPU
		{128681C4-8EE1-4174-BD10-8ACFE08ADBF9}.Debug|Any CPU.Build.0 = Debug|Any CPU
		{128681C4-8EE1-4174-BD10-8ACFE08ADBF9}.Release|Any CPU.ActiveCfg = Release|Any CPU
		{128681C4-8EE1-4174-BD10-8ACFE08ADBF9}.Release|Any CPU.Build.0 = Release|Any CPU
	EndGlobalSection
	GlobalSection(SolutionProperties) = preSolution
		HideSolutionNode = FALSE
	EndGlobalSection
	GlobalSection(ExtensibilityGlobals) = postSolution
		SolutionGuid = {6BF91494-4DEE-4330-99C0-49A0D444869D}
	EndGlobalSection
EndGlobal
